
Microsoft Visual Studio Solution File, Format Version 12.00
# Visual Studio Version 17
VisualStudioVersion = 17.7.34009.444
MinimumVisualStudioVersion = 10.0.40219.1
Project("{9A19103F-16F7-4668-BE54-9A1E7A4F7556}") = "HAN.OOSE.ICDE.API", "HAN.OOSE.ICDE.API\HAN.OOSE.ICDE.API.csproj", "{F5E244DC-AABD-4241-BFDB-30851647E413}"
EndProject
Project("{9A19103F-16F7-4668-BE54-9A1E7A4F7556}") = "HAN.OOSE.ICDE.Domain", "HAN.OOSE.ICDE.Domain\HAN.OOSE.ICDE.Domain.csproj", "{DE160FA5-C059-46DE-85BC-12452A6B1535}"
EndProject
Project("{9A19103F-16F7-4668-BE54-9A1E7A4F7556}") = "HAN.OOSE.ICDE.Persistency.Database", "HAN.OOSE.ICDE.Persistency.Database\HAN.OOSE.ICDE.Persistency.Database.csproj", "{3A849F19-4E03-4296-B88F-46F4194D789B}"
EndProject
Project("{9A19103F-16F7-4668-BE54-9A1E7A4F7556}") = "HAN.OOSE.ICDE.Persistency.Database.Domain", "HAN.OOSE.ICDE.Persistency.Database.Domain\HAN.OOSE.ICDE.Persistency.Database.Domain.csproj", "{FEE2A74E-0769-4BD9-A6B5-801DAE4E5BB0}"
EndProject
Project("{9A19103F-16F7-4668-BE54-9A1E7A4F7556}") = "HAN.OOSE.ICDE.Logic", "HAN.OOSE.ICDE.Logic\HAN.OOSE.ICDE.Logic.csproj", "{6018FE65-B499-4967-BB46-4C76CB1DF9C9}"
EndProject
Project("{2150E333-8FDC-42A3-9474-1A3956D46DE8}") = "HAN.OOSE.ICDE.Persistency", "HAN.OOSE.ICDE.Persistency", "{D98A6589-62D3-43CD-B40C-4C9D806E0141}"
EndProject
Project("{9A19103F-16F7-4668-BE54-9A1E7A4F7556}") = "HAN.OOSE.ICDE.Persistency.Database.Repository", "HAN.OOSE.ICDE.Persistency.Repository\HAN.OOSE.ICDE.Persistency.Database.Repository.csproj", "{9B720D19-D6C0-4FA4-85F9-CEEE4291B018}"
EndProject
Project("{9A19103F-16F7-4668-BE54-9A1E7A4F7556}") = "HAN.OOSE.ICDE.Logic.Mapping", "HAN.OOSE.ICDE.Logic.Mapping\HAN.OOSE.ICDE.Logic.Mapping.csproj", "{D1D51B9E-6ED5-4790-A54B-670B57A39D00}"
EndProject
Project("{9A19103F-16F7-4668-BE54-9A1E7A4F7556}") = "HAN.OOSE.ICDE.API.Converters", "HAN.OOSE.ICDE.API.Converters\HAN.OOSE.ICDE.API.Converters.csproj", "{325B70D2-ABD3-47B5-BB67-C662DDB57EBE}"
EndProject
Project("{2150E333-8FDC-42A3-9474-1A3956D46DE8}") = "HAN.OOSE.ICDE.Tests", "HAN.OOSE.ICDE.Tests", "{DFFC86D4-C167-43F6-9974-7CAD64A7EDD0}"
EndProject
Project("{9A19103F-16F7-4668-BE54-9A1E7A4F7556}") = "HAN.OOSE.ICDE.Logic.Mapping.Test", "HAN.OOSE.ICDE.Logic.Mapping.Test\HAN.OOSE.ICDE.Logic.Mapping.Test.csproj", "{26CC7FE9-D384-456D-973A-6BDEFD9CD437}"
EndProject
Project("{9A19103F-16F7-4668-BE54-9A1E7A4F7556}") = "HAN.OOSE.ICDE.Logic.Test", "HAN.OOSE.ICDE.Logic.Test\HAN.OOSE.ICDE.Logic.Test.csproj", "{7D1AA6FC-E3ED-449F-880E-481658D0CE4F}"
EndProject
Project("{FAE04EC0-301F-11D3-BF4B-00C04F79EFBC}") = "HAN.OOSE.ICDE.Domain.Test", "HAN.OOSE.ICDE.Domain.Test\HAN.OOSE.ICDE.Domain.Test.csproj", "{DC4909E6-25DE-4224-8645-ABD997C9C123}"
EndProject
Global
	GlobalSection(SolutionConfigurationPlatforms) = preSolution
		Debug|Any CPU = Debug|Any CPU
		Release|Any CPU = Release|Any CPU
	EndGlobalSection
	GlobalSection(ProjectConfigurationPlatforms) = postSolution
		{F5E244DC-AABD-4241-BFDB-30851647E413}.Debug|Any CPU.ActiveCfg = Debug|Any CPU
		{F5E244DC-AABD-4241-BFDB-30851647E413}.Debug|Any CPU.Build.0 = Debug|Any CPU
		{F5E244DC-AABD-4241-BFDB-30851647E413}.Release|Any CPU.ActiveCfg = Release|Any CPU
		{F5E244DC-AABD-4241-BFDB-30851647E413}.Release|Any CPU.Build.0 = Release|Any CPU
		{DE160FA5-C059-46DE-85BC-12452A6B1535}.Debug|Any CPU.ActiveCfg = Debug|Any CPU
		{DE160FA5-C059-46DE-85BC-12452A6B1535}.Debug|Any CPU.Build.0 = Debug|Any CPU
		{DE160FA5-C059-46DE-85BC-12452A6B1535}.Release|Any CPU.ActiveCfg = Release|Any CPU
		{DE160FA5-C059-46DE-85BC-12452A6B1535}.Release|Any CPU.Build.0 = Release|Any CPU
		{3A849F19-4E03-4296-B88F-46F4194D789B}.Debug|Any CPU.ActiveCfg = Debug|Any CPU
		{3A849F19-4E03-4296-B88F-46F4194D789B}.Debug|Any CPU.Build.0 = Debug|Any CPU
		{3A849F19-4E03-4296-B88F-46F4194D789B}.Release|Any CPU.ActiveCfg = Release|Any CPU
		{3A849F19-4E03-4296-B88F-46F4194D789B}.Release|Any CPU.Build.0 = Release|Any CPU
		{FEE2A74E-0769-4BD9-A6B5-801DAE4E5BB0}.Debug|Any CPU.ActiveCfg = Debug|Any CPU
		{FEE2A74E-0769-4BD9-A6B5-801DAE4E5BB0}.Debug|Any CPU.Build.0 = Debug|Any CPU
		{FEE2A74E-0769-4BD9-A6B5-801DAE4E5BB0}.Release|Any CPU.ActiveCfg = Release|Any CPU
		{FEE2A74E-0769-4BD9-A6B5-801DAE4E5BB0}.Release|Any CPU.Build.0 = Release|Any CPU
		{6018FE65-B499-4967-BB46-4C76CB1DF9C9}.Debug|Any CPU.ActiveCfg = Debug|Any CPU
		{6018FE65-B499-4967-BB46-4C76CB1DF9C9}.Debug|Any CPU.Build.0 = Debug|Any CPU
		{6018FE65-B499-4967-BB46-4C76CB1DF9C9}.Release|Any CPU.ActiveCfg = Release|Any CPU
		{6018FE65-B499-4967-BB46-4C76CB1DF9C9}.Release|Any CPU.Build.0 = Release|Any CPU
		{9B720D19-D6C0-4FA4-85F9-CEEE4291B018}.Debug|Any CPU.ActiveCfg = Debug|Any CPU
		{9B720D19-D6C0-4FA4-85F9-CEEE4291B018}.Debug|Any CPU.Build.0 = Debug|Any CPU
		{9B720D19-D6C0-4FA4-85F9-CEEE4291B018}.Release|Any CPU.ActiveCfg = Release|Any CPU
		{9B720D19-D6C0-4FA4-85F9-CEEE4291B018}.Release|Any CPU.Build.0 = Release|Any CPU
		{D1D51B9E-6ED5-4790-A54B-670B57A39D00}.Debug|Any CPU.ActiveCfg = Debug|Any CPU
		{D1D51B9E-6ED5-4790-A54B-670B57A39D00}.Debug|Any CPU.Build.0 = Debug|Any CPU
		{D1D51B9E-6ED5-4790-A54B-670B57A39D00}.Release|Any CPU.ActiveCfg = Release|Any CPU
		{D1D51B9E-6ED5-4790-A54B-670B57A39D00}.Release|Any CPU.Build.0 = Release|Any CPU
		{325B70D2-ABD3-47B5-BB67-C662DDB57EBE}.Debug|Any CPU.ActiveCfg = Debug|Any CPU
		{325B70D2-ABD3-47B5-BB67-C662DDB57EBE}.Debug|Any CPU.Build.0 = Debug|Any CPU
		{325B70D2-ABD3-47B5-BB67-C662DDB57EBE}.Release|Any CPU.ActiveCfg = Release|Any CPU
		{325B70D2-ABD3-47B5-BB67-C662DDB57EBE}.Release|Any CPU.Build.0 = Release|Any CPU
		{26CC7FE9-D384-456D-973A-6BDEFD9CD437}.Debug|Any CPU.ActiveCfg = Debug|Any CPU
		{26CC7FE9-D384-456D-973A-6BDEFD9CD437}.Debug|Any CPU.Build.0 = Debug|Any CPU
		{26CC7FE9-D384-456D-973A-6BDEFD9CD437}.Release|Any CPU.ActiveCfg = Release|Any CPU
		{26CC7FE9-D384-456D-973A-6BDEFD9CD437}.Release|Any CPU.Build.0 = Release|Any CPU
		{7D1AA6FC-E3ED-449F-880E-481658D0CE4F}.Debug|Any CPU.ActiveCfg = Debug|Any CPU
		{7D1AA6FC-E3ED-449F-880E-481658D0CE4F}.Debug|Any CPU.Build.0 = Debug|Any CPU
		{7D1AA6FC-E3ED-449F-880E-481658D0CE4F}.Release|Any CPU.ActiveCfg = Release|Any CPU
		{7D1AA6FC-E3ED-449F-880E-481658D0CE4F}.Release|Any CPU.Build.0 = Release|Any CPU
		{DC4909E6-25DE-4224-8645-ABD997C9C123}.Debug|Any CPU.ActiveCfg = Debug|Any CPU
		{DC4909E6-25DE-4224-8645-ABD997C9C123}.Debug|Any CPU.Build.0 = Debug|Any CPU
		{DC4909E6-25DE-4224-8645-ABD997C9C123}.Release|Any CPU.ActiveCfg = Release|Any CPU
		{DC4909E6-25DE-4224-8645-ABD997C9C123}.Release|Any CPU.Build.0 = Release|Any CPU
	EndGlobalSection
	GlobalSection(SolutionProperties) = preSolution
		HideSolutionNode = FALSE
	EndGlobalSection
	GlobalSection(NestedProjects) = preSolution
		{3A849F19-4E03-4296-B88F-46F4194D789B} = {D98A6589-62D3-43CD-B40C-4C9D806E0141}
		{FEE2A74E-0769-4BD9-A6B5-801DAE4E5BB0} = {D98A6589-62D3-43CD-B40C-4C9D806E0141}
		{9B720D19-D6C0-4FA4-85F9-CEEE4291B018} = {D98A6589-62D3-43CD-B40C-4C9D806E0141}
		{26CC7FE9-D384-456D-973A-6BDEFD9CD437} = {DFFC86D4-C167-43F6-9974-7CAD64A7EDD0}
		{7D1AA6FC-E3ED-449F-880E-481658D0CE4F} = {DFFC86D4-C167-43F6-9974-7CAD64A7EDD0}
		{DC4909E6-25DE-4224-8645-ABD997C9C123} = {DFFC86D4-C167-43F6-9974-7CAD64A7EDD0}
	EndGlobalSection
	GlobalSection(ExtensibilityGlobals) = postSolution
		SolutionGuid = {A65EAAFD-BEC6-4807-A225-EF92A4FB497E}
	EndGlobalSection
EndGlobal
